
Microsoft Visual Studio Solution File, Format Version 12.00
# Visual Studio 15
VisualStudioVersion = 15.0.28307.438
MinimumVisualStudioVersion = 10.0.40219.1
Project("{9A19103F-16F7-4668-BE54-9A1E7A4F7556}") = "MemeTuoi", "MemeTuoi\MemeTuoi.csproj", "{FB9FCF4D-8655-49AC-B2C7-80B8080E916B}"
EndProject
Global
	GlobalSection(SolutionConfigurationPlatforms) = preSolution
		Debug|Any CPU = Debug|Any CPU
		Release|Any CPU = Release|Any CPU
	EndGlobalSection
	GlobalSection(ProjectConfigurationPlatforms) = postSolution
		{FB9FCF4D-8655-49AC-B2C7-80B8080E916B}.Debug|Any CPU.ActiveCfg = Debug|Any CPU
		{FB9FCF4D-8655-49AC-B2C7-80B8080E916B}.Debug|Any CPU.Build.0 = Debug|Any CPU
		{FB9FCF4D-8655-49AC-B2C7-80B8080E916B}.Release|Any CPU.ActiveCfg = Release|Any CPU
		{FB9FCF4D-8655-49AC-B2C7-80B8080E916B}.Release|Any CPU.Build.0 = Release|Any CPU
	EndGlobalSection
	GlobalSection(SolutionProperties) = preSolution
		HideSolutionNode = FALSE
	EndGlobalSection
	GlobalSection(ExtensibilityGlobals) = postSolution
		SolutionGuid = {46DB7BF6-C119-422F-97CA-81723948FA85}
	EndGlobalSection
EndGlobal
